{
    "_meta": {
        "hash": {
            "sha256": "d7fc15fffefdb3506f8231c3e41c08e53b20355605681145460c2c80a93b1be0"
        },
        "pipfile-spec": 6,
        "requires": {
            "python_version": "3.10"
        },
        "sources": [
            {
                "name": "pypi",
                "url": "https://pypi.org/simple",
                "verify_ssl": true
            }
        ]
    },
    "default": {
        "networkx": {
            "hashes": [
                "sha256:011e85d277c89681e8fa661cf5ff0743443445049b0b68789ad55ef09340c6e0",
                "sha256:d1194ba753e5eed07cdecd1d23c5cd7a3c772099bd8dbd2fea366788cf4de7ba"
            ],
            "index": "pypi",
            "version": "==2.7.1"
        }
    },
    "develop": {}
}
